
Microsoft Visual Studio Solution File, Format Version 12.00
# Visual Studio Version 17
VisualStudioVersion = 17.9.34728.123
MinimumVisualStudioVersion = 10.0.40219.1
Project("{FAE04EC0-301F-11D3-BF4B-00C04F79EFBC}") = "ProvaGit", "ProvaGit\ProvaGit.csproj", "{4DCD7465-642D-417E-939B-17A93EB52C47}"
EndProject
Global
	GlobalSection(SolutionConfigurationPlatforms) = preSolution
		Debug|Any CPU = Debug|Any CPU
		Release|Any CPU = Release|Any CPU
	EndGlobalSection
	GlobalSection(ProjectConfigurationPlatforms) = postSolution
		{4DCD7465-642D-417E-939B-17A93EB52C47}.Debug|Any CPU.ActiveCfg = Debug|Any CPU
		{4DCD7465-642D-417E-939B-17A93EB52C47}.Debug|Any CPU.Build.0 = Debug|Any CPU
		{4DCD7465-642D-417E-939B-17A93EB52C47}.Release|Any CPU.ActiveCfg = Release|Any CPU
		{4DCD7465-642D-417E-939B-17A93EB52C47}.Release|Any CPU.Build.0 = Release|Any CPU
	EndGlobalSection
	GlobalSection(SolutionProperties) = preSolution
		HideSolutionNode = FALSE
	EndGlobalSection
	GlobalSection(ExtensibilityGlobals) = postSolution
		SolutionGuid = {476BAC64-05AF-444B-823D-22E51DDF0879}
	EndGlobalSection
EndGlobal
